
Microsoft Visual Studio Solution File, Format Version 12.00
# Visual Studio 14
VisualStudioVersion = 14.0.25420.1
MinimumVisualStudioVersion = 10.0.40219.1
Project("{FAE04EC0-301F-11D3-BF4B-00C04F79EFBC}") = "_internal", "_internal\_internal.csproj", "{23FC6093-BA1A-4A3C-B757-FAEB41CE4CB9}"
EndProject
Project("{FAE04EC0-301F-11D3-BF4B-00C04F79EFBC}") = "jCtrl.Location", "jCtrl.Location\jCtrl.Location.csproj", "{78294567-7A94-40EA-A9BD-DA9C893B90E8}"
EndProject
Project("{FAE04EC0-301F-11D3-BF4B-00C04F79EFBC}") = "jCtrl.Infrastructure", "jCtrl.Persistence\jCtrl.Infrastructure.csproj", "{A7846EAD-2258-4C84-87EB-0B3AB4B1D17D}"
EndProject
Project("{FAE04EC0-301F-11D3-BF4B-00C04F79EFBC}") = "jCtrl.Services", "jCtrl.Services\jCtrl.Services.csproj", "{CAC1C81B-95B4-4FFD-AB13-CC045D5B5C7B}"
EndProject
Project("{FAE04EC0-301F-11D3-BF4B-00C04F79EFBC}") = "jCtrl.Services.Tests", "jCtrl.Services.Tests\jCtrl.Services.Tests.csproj", "{93ABA8D0-EF14-4E6E-A0BD-68546CC22CB2}"
EndProject
Project("{FAE04EC0-301F-11D3-BF4B-00C04F79EFBC}") = "jCtrl.Shipping", "jCtrl.Shipping\jCtrl.Shipping.csproj", "{25F22D79-2939-4A34-BE13-1F2E73CF7A8A}"
EndProject
Project("{FAE04EC0-301F-11D3-BF4B-00C04F79EFBC}") = "jCtrl.Shipping.Chronoship", "jCtrl.Shipping.Chronoship\jCtrl.Shipping.Chronoship.csproj", "{705103AA-8BF5-4DD9-86E0-4FB226F01897}"
EndProject
Project("{FAE04EC0-301F-11D3-BF4B-00C04F79EFBC}") = "jCtrl.Shipping.RoyalMail", "jCtrl.Shipping.RoyalMail\jCtrl.Shipping.RoyalMail.csproj", "{B27B37AB-4164-4E7A-BFED-A0390EF0E332}"
EndProject
Project("{FAE04EC0-301F-11D3-BF4B-00C04F79EFBC}") = "jCtrl.Shipping.UPS", "jCtrl.Shipping.UPS\jCtrl.Shipping.UPS.csproj", "{4E3B65DA-BA03-4F17-AD50-D712B229B988}"
EndProject
Project("{FAE04EC0-301F-11D3-BF4B-00C04F79EFBC}") = "jCtrl.Shipping.USPS", "jCtrl.Shipping.USPS\jCtrl.Shipping.USPS.csproj", "{F40A88C4-9491-49DB-86CB-1AB37A8001A3}"
EndProject
Project("{FAE04EC0-301F-11D3-BF4B-00C04F79EFBC}") = "jCtrl.Validation", "jCtrl.Validation\jCtrl.Validation.csproj", "{172B1F1D-229F-49B7-B7BE-5447242D7A0D}"
EndProject
Project("{FAE04EC0-301F-11D3-BF4B-00C04F79EFBC}") = "jCtrl.WebApi", "jCtrl.WebApi\jCtrl.WebApi.csproj", "{E7C0592B-323B-4A73-899E-52DDC548FA32}"
EndProject
Project("{FAE04EC0-301F-11D3-BF4B-00C04F79EFBC}") = "jCtrl.WebApi.Tests", "jCtrl.WebApi.Tests\jCtrl.WebApi.Tests.csproj", "{A97E2372-451F-4482-B75D-8A717574DCA6}"
EndProject
Project("{2150E333-8FDC-42A3-9474-1A3956D46DE8}") = "ExternalServices", "ExternalServices", "{9158241A-AB1C-4BFA-8062-3E120F7B262F}"
EndProject
Project("{2150E333-8FDC-42A3-9474-1A3956D46DE8}") = "Location", "Location", "{AA376BCF-A380-4FEB-9BA5-8C08843CD522}"
EndProject
Project("{2150E333-8FDC-42A3-9474-1A3956D46DE8}") = "Payment", "Payment", "{9390DA87-7217-4E02-ACD1-EB756D9F9F00}"
EndProject
Project("{2150E333-8FDC-42A3-9474-1A3956D46DE8}") = "Shipping", "Shipping", "{A4589F75-2AEC-462A-81E6-3CB1AEADD5C1}"
EndProject
Global
	GlobalSection(SolutionConfigurationPlatforms) = preSolution
		Debug|Any CPU = Debug|Any CPU
		Release|Any CPU = Release|Any CPU
	EndGlobalSection
	GlobalSection(ProjectConfigurationPlatforms) = postSolution
		{23FC6093-BA1A-4A3C-B757-FAEB41CE4CB9}.Debug|Any CPU.ActiveCfg = Debug|Any CPU
		{23FC6093-BA1A-4A3C-B757-FAEB41CE4CB9}.Debug|Any CPU.Build.0 = Debug|Any CPU
		{23FC6093-BA1A-4A3C-B757-FAEB41CE4CB9}.Release|Any CPU.ActiveCfg = Release|Any CPU
		{23FC6093-BA1A-4A3C-B757-FAEB41CE4CB9}.Release|Any CPU.Build.0 = Release|Any CPU
		{78294567-7A94-40EA-A9BD-DA9C893B90E8}.Debug|Any CPU.ActiveCfg = Debug|Any CPU
		{78294567-7A94-40EA-A9BD-DA9C893B90E8}.Debug|Any CPU.Build.0 = Debug|Any CPU
		{78294567-7A94-40EA-A9BD-DA9C893B90E8}.Release|Any CPU.ActiveCfg = Release|Any CPU
		{78294567-7A94-40EA-A9BD-DA9C893B90E8}.Release|Any CPU.Build.0 = Release|Any CPU
		{A7846EAD-2258-4C84-87EB-0B3AB4B1D17D}.Debug|Any CPU.ActiveCfg = Debug|Any CPU
		{A7846EAD-2258-4C84-87EB-0B3AB4B1D17D}.Debug|Any CPU.Build.0 = Debug|Any CPU
		{A7846EAD-2258-4C84-87EB-0B3AB4B1D17D}.Release|Any CPU.ActiveCfg = Release|Any CPU
		{A7846EAD-2258-4C84-87EB-0B3AB4B1D17D}.Release|Any CPU.Build.0 = Release|Any CPU
		{CAC1C81B-95B4-4FFD-AB13-CC045D5B5C7B}.Debug|Any CPU.ActiveCfg = Debug|Any CPU
		{CAC1C81B-95B4-4FFD-AB13-CC045D5B5C7B}.Debug|Any CPU.Build.0 = Debug|Any CPU
		{CAC1C81B-95B4-4FFD-AB13-CC045D5B5C7B}.Release|Any CPU.ActiveCfg = Release|Any CPU
		{CAC1C81B-95B4-4FFD-AB13-CC045D5B5C7B}.Release|Any CPU.Build.0 = Release|Any CPU
		{93ABA8D0-EF14-4E6E-A0BD-68546CC22CB2}.Debug|Any CPU.ActiveCfg = Debug|Any CPU
		{93ABA8D0-EF14-4E6E-A0BD-68546CC22CB2}.Debug|Any CPU.Build.0 = Debug|Any CPU
		{93ABA8D0-EF14-4E6E-A0BD-68546CC22CB2}.Release|Any CPU.ActiveCfg = Release|Any CPU
		{93ABA8D0-EF14-4E6E-A0BD-68546CC22CB2}.Release|Any CPU.Build.0 = Release|Any CPU
		{25F22D79-2939-4A34-BE13-1F2E73CF7A8A}.Debug|Any CPU.ActiveCfg = Debug|Any CPU
		{25F22D79-2939-4A34-BE13-1F2E73CF7A8A}.Debug|Any CPU.Build.0 = Debug|Any CPU
		{25F22D79-2939-4A34-BE13-1F2E73CF7A8A}.Release|Any CPU.ActiveCfg = Release|Any CPU
		{25F22D79-2939-4A34-BE13-1F2E73CF7A8A}.Release|Any CPU.Build.0 = Release|Any CPU
		{705103AA-8BF5-4DD9-86E0-4FB226F01897}.Debug|Any CPU.ActiveCfg = Debug|Any CPU
		{705103AA-8BF5-4DD9-86E0-4FB226F01897}.Debug|Any CPU.Build.0 = Debug|Any CPU
		{705103AA-8BF5-4DD9-86E0-4FB226F01897}.Release|Any CPU.ActiveCfg = Release|Any CPU
		{705103AA-8BF5-4DD9-86E0-4FB226F01897}.Release|Any CPU.Build.0 = Release|Any CPU
		{B27B37AB-4164-4E7A-BFED-A0390EF0E332}.Debug|Any CPU.ActiveCfg = Debug|Any CPU
		{B27B37AB-4164-4E7A-BFED-A0390EF0E332}.Debug|Any CPU.Build.0 = Debug|Any CPU
		{B27B37AB-4164-4E7A-BFED-A0390EF0E332}.Release|Any CPU.ActiveCfg = Release|Any CPU
		{B27B37AB-4164-4E7A-BFED-A0390EF0E332}.Release|Any CPU.Build.0 = Release|Any CPU
		{4E3B65DA-BA03-4F17-AD50-D712B229B988}.Debug|Any CPU.ActiveCfg = Debug|Any CPU
		{4E3B65DA-BA03-4F17-AD50-D712B229B988}.Debug|Any CPU.Build.0 = Debug|Any CPU
		{4E3B65DA-BA03-4F17-AD50-D712B229B988}.Release|Any CPU.ActiveCfg = Release|Any CPU
		{4E3B65DA-BA03-4F17-AD50-D712B229B988}.Release|Any CPU.Build.0 = Release|Any CPU
		{F40A88C4-9491-49DB-86CB-1AB37A8001A3}.Debug|Any CPU.ActiveCfg = Debug|Any CPU
		{F40A88C4-9491-49DB-86CB-1AB37A8001A3}.Debug|Any CPU.Build.0 = Debug|Any CPU
		{F40A88C4-9491-49DB-86CB-1AB37A8001A3}.Release|Any CPU.ActiveCfg = Release|Any CPU
		{F40A88C4-9491-49DB-86CB-1AB37A8001A3}.Release|Any CPU.Build.0 = Release|Any CPU
		{172B1F1D-229F-49B7-B7BE-5447242D7A0D}.Debug|Any CPU.ActiveCfg = Debug|Any CPU
		{172B1F1D-229F-49B7-B7BE-5447242D7A0D}.Debug|Any CPU.Build.0 = Debug|Any CPU
		{172B1F1D-229F-49B7-B7BE-5447242D7A0D}.Release|Any CPU.ActiveCfg = Release|Any CPU
		{172B1F1D-229F-49B7-B7BE-5447242D7A0D}.Release|Any CPU.Build.0 = Release|Any CPU
		{E7C0592B-323B-4A73-899E-52DDC548FA32}.Debug|Any CPU.ActiveCfg = Debug|Any CPU
		{E7C0592B-323B-4A73-899E-52DDC548FA32}.Debug|Any CPU.Build.0 = Debug|Any CPU
		{E7C0592B-323B-4A73-899E-52DDC548FA32}.Release|Any CPU.ActiveCfg = Release|Any CPU
		{E7C0592B-323B-4A73-899E-52DDC548FA32}.Release|Any CPU.Build.0 = Release|Any CPU
		{A97E2372-451F-4482-B75D-8A717574DCA6}.Debug|Any CPU.ActiveCfg = Debug|Any CPU
		{A97E2372-451F-4482-B75D-8A717574DCA6}.Debug|Any CPU.Build.0 = Debug|Any CPU
		{A97E2372-451F-4482-B75D-8A717574DCA6}.Release|Any CPU.ActiveCfg = Release|Any CPU
		{A97E2372-451F-4482-B75D-8A717574DCA6}.Release|Any CPU.Build.0 = Release|Any CPU
	EndGlobalSection
	GlobalSection(SolutionProperties) = preSolution
		HideSolutionNode = FALSE
	EndGlobalSection
	GlobalSection(NestedProjects) = preSolution
		{78294567-7A94-40EA-A9BD-DA9C893B90E8} = {AA376BCF-A380-4FEB-9BA5-8C08843CD522}
		{25F22D79-2939-4A34-BE13-1F2E73CF7A8A} = {A4589F75-2AEC-462A-81E6-3CB1AEADD5C1}
		{705103AA-8BF5-4DD9-86E0-4FB226F01897} = {A4589F75-2AEC-462A-81E6-3CB1AEADD5C1}
		{B27B37AB-4164-4E7A-BFED-A0390EF0E332} = {A4589F75-2AEC-462A-81E6-3CB1AEADD5C1}
		{4E3B65DA-BA03-4F17-AD50-D712B229B988} = {A4589F75-2AEC-462A-81E6-3CB1AEADD5C1}
		{F40A88C4-9491-49DB-86CB-1AB37A8001A3} = {A4589F75-2AEC-462A-81E6-3CB1AEADD5C1}
		{172B1F1D-229F-49B7-B7BE-5447242D7A0D} = {9390DA87-7217-4E02-ACD1-EB756D9F9F00}
		{AA376BCF-A380-4FEB-9BA5-8C08843CD522} = {9158241A-AB1C-4BFA-8062-3E120F7B262F}
		{9390DA87-7217-4E02-ACD1-EB756D9F9F00} = {9158241A-AB1C-4BFA-8062-3E120F7B262F}
		{A4589F75-2AEC-462A-81E6-3CB1AEADD5C1} = {9158241A-AB1C-4BFA-8062-3E120F7B262F}
	EndGlobalSection
EndGlobal
